
Microsoft Visual Studio Solution File, Format Version 12.00
# Visual Studio Version 16
VisualStudioVersion = 16.0.33328.57
MinimumVisualStudioVersion = 10.0.40219.1
Project("{FAE04EC0-301F-11D3-BF4B-00C04F79EFBC}") = "BaiThucHanhBuoi1", "BaiThucHanhBuoi1\BaiThucHanhBuoi1.csproj", "{4EE13F6E-0069-4C65-B2EB-A6A02776EAB7}"
EndProject
Project("{FAE04EC0-301F-11D3-BF4B-00C04F79EFBC}") = "Bai02", "Bai02\Bai02.csproj", "{636D52E5-F001-4184-84C1-263381E37C3F}"
EndProject
Global
	GlobalSection(SolutionConfigurationPlatforms) = preSolution
		Debug|Any CPU = Debug|Any CPU
		Release|Any CPU = Release|Any CPU
	EndGlobalSection
	GlobalSection(ProjectConfigurationPlatforms) = postSolution
		{4EE13F6E-0069-4C65-B2EB-A6A02776EAB7}.Debug|Any CPU.ActiveCfg = Debug|Any CPU
		{4EE13F6E-0069-4C65-B2EB-A6A02776EAB7}.Debug|Any CPU.Build.0 = Debug|Any CPU
		{4EE13F6E-0069-4C65-B2EB-A6A02776EAB7}.Release|Any CPU.ActiveCfg = Release|Any CPU
		{4EE13F6E-0069-4C65-B2EB-A6A02776EAB7}.Release|Any CPU.Build.0 = Release|Any CPU
		{636D52E5-F001-4184-84C1-263381E37C3F}.Debug|Any CPU.ActiveCfg = Debug|Any CPU
		{636D52E5-F001-4184-84C1-263381E37C3F}.Debug|Any CPU.Build.0 = Debug|Any CPU
		{636D52E5-F001-4184-84C1-263381E37C3F}.Release|Any CPU.ActiveCfg = Release|Any CPU
		{636D52E5-F001-4184-84C1-263381E37C3F}.Release|Any CPU.Build.0 = Release|Any CPU
	EndGlobalSection
	GlobalSection(SolutionProperties) = preSolution
		HideSolutionNode = FALSE
	EndGlobalSection
	GlobalSection(ExtensibilityGlobals) = postSolution
		SolutionGuid = {488B38DB-BA54-4FAF-8E92-E3C5C5000FFC}
	EndGlobalSection
EndGlobal
